
Microsoft Visual Studio Solution File, Format Version 12.00
# Visual Studio Version 17
VisualStudioVersion = 17.0.31903.59
MinimumVisualStudioVersion = 10.0.40219.1
Project("{2150E333-8FDC-42A3-9474-1A3956D46DE8}") = "src", "src", "{827E0CD3-B72D-47B6-A68D-7590B98EB39B}"
EndProject
Project("{FAE04EC0-301F-11D3-BF4B-00C04F79EFBC}") = "ConstructionEstimation.Api", "src\ConstructionEstimation.Api\ConstructionEstimation.Api.csproj", "{98CBC8EC-8B7F-42CF-A4BC-7980A0919943}"
EndProject
Project("{FAE04EC0-301F-11D3-BF4B-00C04F79EFBC}") = "ConstructionEstimation.Core", "src\ConstructionEstimation.Core\ConstructionEstimation.Core.csproj", "{EEA033EC-8D6D-4FB7-8B18-0A1ED4BB5357}"
EndProject
Project("{FAE04EC0-301F-11D3-BF4B-00C04F79EFBC}") = "ConstructionEstimation.Data", "src\ConstructionEstimation.Data\ConstructionEstimation.Data.csproj", "{8376AE57-4D4E-47D6-A972-494191C49FB9}"
EndProject
Project("{FAE04EC0-301F-11D3-BF4B-00C04F79EFBC}") = "ConstructionEstimation.McpServer", "src\ConstructionEstimation.McpServer\ConstructionEstimation.McpServer.csproj", "{3BB2D7A3-BF49-4B3D-9996-EA2F727F3325}"
EndProject
Global
	GlobalSection(SolutionConfigurationPlatforms) = preSolution
		Debug|Any CPU = Debug|Any CPU
		Debug|x64 = Debug|x64
		Debug|x86 = Debug|x86
		Release|Any CPU = Release|Any CPU
		Release|x64 = Release|x64
		Release|x86 = Release|x86
	EndGlobalSection
	GlobalSection(ProjectConfigurationPlatforms) = postSolution
		{98CBC8EC-8B7F-42CF-A4BC-7980A0919943}.Debug|Any CPU.ActiveCfg = Debug|Any CPU
		{98CBC8EC-8B7F-42CF-A4BC-7980A0919943}.Debug|Any CPU.Build.0 = Debug|Any CPU
		{98CBC8EC-8B7F-42CF-A4BC-7980A0919943}.Debug|x64.ActiveCfg = Debug|Any CPU
		{98CBC8EC-8B7F-42CF-A4BC-7980A0919943}.Debug|x64.Build.0 = Debug|Any CPU
		{98CBC8EC-8B7F-42CF-A4BC-7980A0919943}.Debug|x86.ActiveCfg = Debug|Any CPU
		{98CBC8EC-8B7F-42CF-A4BC-7980A0919943}.Debug|x86.Build.0 = Debug|Any CPU
		{98CBC8EC-8B7F-42CF-A4BC-7980A0919943}.Release|Any CPU.ActiveCfg = Release|Any CPU
		{98CBC8EC-8B7F-42CF-A4BC-7980A0919943}.Release|Any CPU.Build.0 = Release|Any CPU
		{98CBC8EC-8B7F-42CF-A4BC-7980A0919943}.Release|x64.ActiveCfg = Release|Any CPU
		{98CBC8EC-8B7F-42CF-A4BC-7980A0919943}.Release|x64.Build.0 = Release|Any CPU
		{98CBC8EC-8B7F-42CF-A4BC-7980A0919943}.Release|x86.ActiveCfg = Release|Any CPU
		{98CBC8EC-8B7F-42CF-A4BC-7980A0919943}.Release|x86.Build.0 = Release|Any CPU
		{EEA033EC-8D6D-4FB7-8B18-0A1ED4BB5357}.Debug|Any CPU.ActiveCfg = Debug|Any CPU
		{EEA033EC-8D6D-4FB7-8B18-0A1ED4BB5357}.Debug|Any CPU.Build.0 = Debug|Any CPU
		{EEA033EC-8D6D-4FB7-8B18-0A1ED4BB5357}.Debug|x64.ActiveCfg = Debug|Any CPU
		{EEA033EC-8D6D-4FB7-8B18-0A1ED4BB5357}.Debug|x64.Build.0 = Debug|Any CPU
		{EEA033EC-8D6D-4FB7-8B18-0A1ED4BB5357}.Debug|x86.ActiveCfg = Debug|Any CPU
		{EEA033EC-8D6D-4FB7-8B18-0A1ED4BB5357}.Debug|x86.Build.0 = Debug|Any CPU
		{EEA033EC-8D6D-4FB7-8B18-0A1ED4BB5357}.Release|Any CPU.ActiveCfg = Release|Any CPU
		{EEA033EC-8D6D-4FB7-8B18-0A1ED4BB5357}.Release|Any CPU.Build.0 = Release|Any CPU
		{EEA033EC-8D6D-4FB7-8B18-0A1ED4BB5357}.Release|x64.ActiveCfg = Release|Any CPU
		{EEA033EC-8D6D-4FB7-8B18-0A1ED4BB5357}.Release|x64.Build.0 = Release|Any CPU
		{EEA033EC-8D6D-4FB7-8B18-0A1ED4BB5357}.Release|x86.ActiveCfg = Release|Any CPU
		{EEA033EC-8D6D-4FB7-8B18-0A1ED4BB5357}.Release|x86.Build.0 = Release|Any CPU
		{8376AE57-4D4E-47D6-A972-494191C49FB9}.Debug|Any CPU.ActiveCfg = Debug|Any CPU
		{8376AE57-4D4E-47D6-A972-494191C49FB9}.Debug|Any CPU.Build.0 = Debug|Any CPU
		{8376AE57-4D4E-47D6-A972-494191C49FB9}.Debug|x64.ActiveCfg = Debug|Any CPU
		{8376AE57-4D4E-47D6-A972-494191C49FB9}.Debug|x64.Build.0 = Debug|Any CPU
		{8376AE57-4D4E-47D6-A972-494191C49FB9}.Debug|x86.ActiveCfg = Debug|Any CPU
		{8376AE57-4D4E-47D6-A972-494191C49FB9}.Debug|x86.Build.0 = Debug|Any CPU
		{8376AE57-4D4E-47D6-A972-494191C49FB9}.Release|Any CPU.ActiveCfg = Release|Any CPU
		{8376AE57-4D4E-47D6-A972-494191C49FB9}.Release|Any CPU.Build.0 = Release|Any CPU
		{8376AE57-4D4E-47D6-A972-494191C49FB9}.Release|x64.ActiveCfg = Release|Any CPU
		{8376AE57-4D4E-47D6-A972-494191C49FB9}.Release|x64.Build.0 = Release|Any CPU
		{8376AE57-4D4E-47D6-A972-494191C49FB9}.Release|x86.ActiveCfg = Release|Any CPU
		{8376AE57-4D4E-47D6-A972-494191C49FB9}.Release|x86.Build.0 = Release|Any CPU
		{3BB2D7A3-BF49-4B3D-9996-EA2F727F3325}.Debug|Any CPU.ActiveCfg = Debug|Any CPU
		{3BB2D7A3-BF49-4B3D-9996-EA2F727F3325}.Debug|Any CPU.Build.0 = Debug|Any CPU
		{3BB2D7A3-BF49-4B3D-9996-EA2F727F3325}.Debug|x64.ActiveCfg = Debug|Any CPU
		{3BB2D7A3-BF49-4B3D-9996-EA2F727F3325}.Debug|x64.Build.0 = Debug|Any CPU
		{3BB2D7A3-BF49-4B3D-9996-EA2F727F3325}.Debug|x86.ActiveCfg = Debug|Any CPU
		{3BB2D7A3-BF49-4B3D-9996-EA2F727F3325}.Debug|x86.Build.0 = Debug|Any CPU
		{3BB2D7A3-BF49-4B3D-9996-EA2F727F3325}.Release|Any CPU.ActiveCfg = Release|Any CPU
		{3BB2D7A3-BF49-4B3D-9996-EA2F727F3325}.Release|Any CPU.Build.0 = Release|Any CPU
		{3BB2D7A3-BF49-4B3D-9996-EA2F727F3325}.Release|x64.ActiveCfg = Release|Any CPU
		{3BB2D7A3-BF49-4B3D-9996-EA2F727F3325}.Release|x64.Build.0 = Release|Any CPU
		{3BB2D7A3-BF49-4B3D-9996-EA2F727F3325}.Release|x86.ActiveCfg = Release|Any CPU
		{3BB2D7A3-BF49-4B3D-9996-EA2F727F3325}.Release|x86.Build.0 = Release|Any CPU
	EndGlobalSection
	GlobalSection(SolutionProperties) = preSolution
		HideSolutionNode = FALSE
	EndGlobalSection
	GlobalSection(NestedProjects) = preSolution
		{98CBC8EC-8B7F-42CF-A4BC-7980A0919943} = {827E0CD3-B72D-47B6-A68D-7590B98EB39B}
		{EEA033EC-8D6D-4FB7-8B18-0A1ED4BB5357} = {827E0CD3-B72D-47B6-A68D-7590B98EB39B}
		{8376AE57-4D4E-47D6-A972-494191C49FB9} = {827E0CD3-B72D-47B6-A68D-7590B98EB39B}
		{3BB2D7A3-BF49-4B3D-9996-EA2F727F3325} = {827E0CD3-B72D-47B6-A68D-7590B98EB39B}
	EndGlobalSection
EndGlobal
